
Microsoft Visual Studio Solution File, Format Version 12.00
# Visual Studio Version 16
VisualStudioVersion = 16.0.31025.194
MinimumVisualStudioVersion = 10.0.40219.1
Project("{9A19103F-16F7-4668-BE54-9A1E7A4F7556}") = "BinarySearch", "BinarySearch\BinarySearch.csproj", "{B6878FAF-2467-437E-BD85-FF1F893A2369}"
EndProject
Project("{9A19103F-16F7-4668-BE54-9A1E7A4F7556}") = "Common", "Common\Common.csproj", "{B56B5BF5-8A85-47F6-9E83-2CE74F11B7B5}"
EndProject
Project("{9A19103F-16F7-4668-BE54-9A1E7A4F7556}") = "SelectionSort", "SelectionSort\SelectionSort.csproj", "{FAF94B3C-2322-4524-917A-D9D3B20AAE3C}"
EndProject
Project("{9A19103F-16F7-4668-BE54-9A1E7A4F7556}") = "SumByRecursion", "SumByRecursion\SumByRecursion.csproj", "{CA332990-64B1-49E2-8611-F793DEBEC3FF}"
EndProject
Project("{9A19103F-16F7-4668-BE54-9A1E7A4F7556}") = "CountByRecursion", "CountByRecursion\CountByRecursion.csproj", "{43619B2B-4E02-420A-B077-D8CF2591C243}"
EndProject
Project("{9A19103F-16F7-4668-BE54-9A1E7A4F7556}") = "MaxByRecursion", "MaxByRecursion\MaxByRecursion.csproj", "{66FB3CFD-9431-4778-B62A-6E6CB1CC302B}"
EndProject
Project("{9A19103F-16F7-4668-BE54-9A1E7A4F7556}") = "BinarySearchByRecursion", "BinarySearchByRecursion\BinarySearchByRecursion.csproj", "{C6933CDB-D459-410E-90FF-B5B45E230AD2}"
EndProject
Project("{9A19103F-16F7-4668-BE54-9A1E7A4F7556}") = "QuickSort", "QuickSort\QuickSort.csproj", "{B6E88813-BF84-404F-9932-A078056699C5}"
EndProject
Project("{9A19103F-16F7-4668-BE54-9A1E7A4F7556}") = "BreadthFirstSearch", "BreadthFirstSearch\BreadthFirstSearch.csproj", "{CEDEE9DD-6B18-419B-A0F8-D2A768438CF2}"
EndProject
Project("{9A19103F-16F7-4668-BE54-9A1E7A4F7556}") = "Dijkstra'sAlgorithmImplementation", "Dijkstra'sAlgorithmImplementation\Dijkstra'sAlgorithmImplementation.csproj", "{D859E682-9191-4827-AB19-BB88280188C3}"
EndProject
Project("{FAE04EC0-301F-11D3-BF4B-00C04F79EFBC}") = "SetCoveringProblem", "SetCoveringProblem\SetCoveringProblem.csproj", "{F8306793-5063-4213-B185-820E3964EB6A}"
EndProject
Global
	GlobalSection(SolutionConfigurationPlatforms) = preSolution
		Debug|Any CPU = Debug|Any CPU
		Release|Any CPU = Release|Any CPU
	EndGlobalSection
	GlobalSection(ProjectConfigurationPlatforms) = postSolution
		{B6878FAF-2467-437E-BD85-FF1F893A2369}.Debug|Any CPU.ActiveCfg = Debug|Any CPU
		{B6878FAF-2467-437E-BD85-FF1F893A2369}.Debug|Any CPU.Build.0 = Debug|Any CPU
		{B6878FAF-2467-437E-BD85-FF1F893A2369}.Release|Any CPU.ActiveCfg = Release|Any CPU
		{B6878FAF-2467-437E-BD85-FF1F893A2369}.Release|Any CPU.Build.0 = Release|Any CPU
		{B56B5BF5-8A85-47F6-9E83-2CE74F11B7B5}.Debug|Any CPU.ActiveCfg = Debug|Any CPU
		{B56B5BF5-8A85-47F6-9E83-2CE74F11B7B5}.Debug|Any CPU.Build.0 = Debug|Any CPU
		{B56B5BF5-8A85-47F6-9E83-2CE74F11B7B5}.Release|Any CPU.ActiveCfg = Release|Any CPU
		{B56B5BF5-8A85-47F6-9E83-2CE74F11B7B5}.Release|Any CPU.Build.0 = Release|Any CPU
		{FAF94B3C-2322-4524-917A-D9D3B20AAE3C}.Debug|Any CPU.ActiveCfg = Debug|Any CPU
		{FAF94B3C-2322-4524-917A-D9D3B20AAE3C}.Debug|Any CPU.Build.0 = Debug|Any CPU
		{FAF94B3C-2322-4524-917A-D9D3B20AAE3C}.Release|Any CPU.ActiveCfg = Release|Any CPU
		{FAF94B3C-2322-4524-917A-D9D3B20AAE3C}.Release|Any CPU.Build.0 = Release|Any CPU
		{CA332990-64B1-49E2-8611-F793DEBEC3FF}.Debug|Any CPU.ActiveCfg = Debug|Any CPU
		{CA332990-64B1-49E2-8611-F793DEBEC3FF}.Debug|Any CPU.Build.0 = Debug|Any CPU
		{CA332990-64B1-49E2-8611-F793DEBEC3FF}.Release|Any CPU.ActiveCfg = Release|Any CPU
		{CA332990-64B1-49E2-8611-F793DEBEC3FF}.Release|Any CPU.Build.0 = Release|Any CPU
		{43619B2B-4E02-420A-B077-D8CF2591C243}.Debug|Any CPU.ActiveCfg = Debug|Any CPU
		{43619B2B-4E02-420A-B077-D8CF2591C243}.Debug|Any CPU.Build.0 = Debug|Any CPU
		{43619B2B-4E02-420A-B077-D8CF2591C243}.Release|Any CPU.ActiveCfg = Release|Any CPU
		{43619B2B-4E02-420A-B077-D8CF2591C243}.Release|Any CPU.Build.0 = Release|Any CPU
		{66FB3CFD-9431-4778-B62A-6E6CB1CC302B}.Debug|Any CPU.ActiveCfg = Debug|Any CPU
		{66FB3CFD-9431-4778-B62A-6E6CB1CC302B}.Debug|Any CPU.Build.0 = Debug|Any CPU
		{66FB3CFD-9431-4778-B62A-6E6CB1CC302B}.Release|Any CPU.ActiveCfg = Release|Any CPU
		{66FB3CFD-9431-4778-B62A-6E6CB1CC302B}.Release|Any CPU.Build.0 = Release|Any CPU
		{C6933CDB-D459-410E-90FF-B5B45E230AD2}.Debug|Any CPU.ActiveCfg = Debug|Any CPU
		{C6933CDB-D459-410E-90FF-B5B45E230AD2}.Debug|Any CPU.Build.0 = Debug|Any CPU
		{C6933CDB-D459-410E-90FF-B5B45E230AD2}.Release|Any CPU.ActiveCfg = Release|Any CPU
		{C6933CDB-D459-410E-90FF-B5B45E230AD2}.Release|Any CPU.Build.0 = Release|Any CPU
		{B6E88813-BF84-404F-9932-A078056699C5}.Debug|Any CPU.ActiveCfg = Debug|Any CPU
		{B6E88813-BF84-404F-9932-A078056699C5}.Debug|Any CPU.Build.0 = Debug|Any CPU
		{B6E88813-BF84-404F-9932-A078056699C5}.Release|Any CPU.ActiveCfg = Release|Any CPU
		{B6E88813-BF84-404F-9932-A078056699C5}.Release|Any CPU.Build.0 = Release|Any CPU
		{CEDEE9DD-6B18-419B-A0F8-D2A768438CF2}.Debug|Any CPU.ActiveCfg = Debug|Any CPU
		{CEDEE9DD-6B18-419B-A0F8-D2A768438CF2}.Debug|Any CPU.Build.0 = Debug|Any CPU
		{CEDEE9DD-6B18-419B-A0F8-D2A768438CF2}.Release|Any CPU.ActiveCfg = Release|Any CPU
		{CEDEE9DD-6B18-419B-A0F8-D2A768438CF2}.Release|Any CPU.Build.0 = Release|Any CPU
		{D859E682-9191-4827-AB19-BB88280188C3}.Debug|Any CPU.ActiveCfg = Debug|Any CPU
		{D859E682-9191-4827-AB19-BB88280188C3}.Debug|Any CPU.Build.0 = Debug|Any CPU
		{D859E682-9191-4827-AB19-BB88280188C3}.Release|Any CPU.ActiveCfg = Release|Any CPU
		{D859E682-9191-4827-AB19-BB88280188C3}.Release|Any CPU.Build.0 = Release|Any CPU
		{F8306793-5063-4213-B185-820E3964EB6A}.Debug|Any CPU.ActiveCfg = Debug|Any CPU
		{F8306793-5063-4213-B185-820E3964EB6A}.Debug|Any CPU.Build.0 = Debug|Any CPU
		{F8306793-5063-4213-B185-820E3964EB6A}.Release|Any CPU.ActiveCfg = Release|Any CPU
		{F8306793-5063-4213-B185-820E3964EB6A}.Release|Any CPU.Build.0 = Release|Any CPU
	EndGlobalSection
	GlobalSection(SolutionProperties) = preSolution
		HideSolutionNode = FALSE
	EndGlobalSection
	GlobalSection(ExtensibilityGlobals) = postSolution
		SolutionGuid = {80C11A31-8833-432C-AD83-63732981BFCB}
	EndGlobalSection
EndGlobal
